
Microsoft Visual Studio Solution File, Format Version 12.00
# Visual Studio 15
VisualStudioVersion = 15.0.28307.421
MinimumVisualStudioVersion = 10.0.40219.1
Project("{FAE04EC0-301F-11D3-BF4B-00C04F79EFBC}") = "WpfApp1", "WpfApp1\WpfApp1.csproj", "{69B89196-8F59-4D7B-94D1-44E76B1E370A}"
EndProject
Global
	GlobalSection(SolutionConfigurationPlatforms) = preSolution
		Debug|Any CPU = Debug|Any CPU
		Release|Any CPU = Release|Any CPU
	EndGlobalSection
	GlobalSection(ProjectConfigurationPlatforms) = postSolution
		{69B89196-8F59-4D7B-94D1-44E76B1E370A}.Debug|Any CPU.ActiveCfg = Debug|Any CPU
		{69B89196-8F59-4D7B-94D1-44E76B1E370A}.Debug|Any CPU.Build.0 = Debug|Any CPU
		{69B89196-8F59-4D7B-94D1-44E76B1E370A}.Release|Any CPU.ActiveCfg = Release|Any CPU
		{69B89196-8F59-4D7B-94D1-44E76B1E370A}.Release|Any CPU.Build.0 = Release|Any CPU
	EndGlobalSection
	GlobalSection(SolutionProperties) = preSolution
		HideSolutionNode = FALSE
	EndGlobalSection
	GlobalSection(ExtensibilityGlobals) = postSolution
		SolutionGuid = {B148F92E-AF5E-4DD1-BF00-550D673CEDB5}
	EndGlobalSection
EndGlobal
